version = 1
revision = 3
requires-python = "==3.8.*"

[[package]]
name = "basedpyright"
version = "1.39.10"
source = { registry = "https://pypi.org/simple" }
dependencies = [
    { name = "nodejs-wheel-binaries" },
]
sdist = { url = "https://files.pythonhosted.org/packages/68/43/ad2999f3b09eb2b1e59931d88fac0f7bcc9c17fc18c903268779bd10cc97/basedpyright-1.39.10.tar.gz", hash = "sha256:c8eaf5302f3265e275c7df4fba194d7afa7c1cb53fbfd448e90098360aca2c2e", size = 24740347, upload-time = "2026-08-13T17:09:02.51Z" }
wheels = [
    { url = "https://files.pythonhosted.org/packages/be/2a/a224054d75a58786c482f63b8ff2a09fc3362268bd1ebd0a61fb3f982153/basedpyright-1.39.10-py3-none-any.whl", hash = "sha256:cbd75d83c0be841329bcfef2d2f1182f152a6d975b8eb199e75cf5b8e9a3de78", size = 13482322, upload-time = "2026-08-13T17:08:59.074Z" },
]

[[package]]
name = "colorama"
version = "0.4.6"
source = { registry = "https://pypi.org/simple" }
sdist = { url = "https://files.pythonhosted.org/packages/d8/53/6f443c9a4a8358a93a6792e2acffb9d9d5cb0a5cfd8802644b7b1c9a02e4/colorama-0.4.6.tar.gz", hash = "sha256:08695f5cb7ed6e0531a20572697297273c47b8cae5a63ffc6d6ed5c201be6e44", size = 27697, upload-time = "2022-10-25T02:36:22.414Z" }
wheels = [
    { url = "https://files.pythonhosted.org/packages/d1/d6/3965ed04c63042e047cb6a3e6ed1a63a35087b6a609aa3a15ed8ac56c221/colorama-0.4.6-py2.py3-none-any.whl", hash = "sha256:4f1d9991f5acc0ca119f9d443620b77f9d6b33703e51011c16baf57afb285fc6", size = 25335, upload-time = "2022-10-25T02:36:20.889Z" },
]

[[package]]
name = "exceptiongroup"
version = "1.3.1"
source = { registry = "https://pypi.org/simple" }
dependencies = [
    { name = "typing-extensions" },
]
sdist = { url = "https://files.pythonhosted.org/packages/50/79/66800aadf48771f6b62f7eb014e352e5d06856655206165d775e675a02c9/exceptiongroup-1.3.1.tar.gz", hash = "sha256:8b412432c6055b0b7d14c310000ae93352ed6754f70fa8f7c34141f91c4e3219", size = 30371, upload-time = "2025-11-21T23:01:54.787Z" }
wheels = [
    { url = "https://files.pythonhosted.org/packages/8a/0e/97c33bf5009bdbac74fd2beace167cab3f978feb69cc36f1ef79360d6c4e/exceptiongroup-1.3.1-py3-none-any.whl", hash = "sha256:a7a39a3bd276781e98394987d3a5701d0c4edffb633bb7a5144577f82c773598", size = 16740, upload-time = "2025-11-21T23:01:53.443Z" },
]

[[package]]
name = "iniconfig"
version = "2.1.0"
source = { registry = "https://pypi.org/simple" }
sdist = { url = "https://files.pythonhosted.org/packages/f2/97/ebf4da567aa6827c909642694d71c9fcf53e5b504f2d96afea02718862f3/iniconfig-2.1.0.tar.gz", hash = "sha256:3abbd2e30b36733fee78f9c7f7308f2d0050e88f0087fd25c2645f63c773e1c7", size = 4793, upload-time = "2025-03-19T20:09:59.721Z" }
wheels = [
    { url = "https://files.pythonhosted.org/packages/2c/e1/e6716421ea10d38022b952c159d5161ca1193197fb744506875fbb87ea7b/iniconfig-2.1.0-py3-none-any.whl", hash = "sha256:9deba5723312380e77435581c6bf4935c94cbfab9b1ed33ef8d238ea168eb760", size = 6050, upload-time = "2025-03-19T20:10:01.071Z" },
]

[[package]]
name = "nodejs-wheel-binaries"
version = "24.19.0"
source = { registry = "https://pypi.org/simple" }
sdist = { url = "https://files.pythonhosted.org/packages/c0/76/7e97195e14346598565a0de4ca8bdbd5e634b3fb5b1ba590b7b1b89f8a63/nodejs_wheel_binaries-24.19.0.tar.gz", hash = "sha256:db217eef8cab8551667863379b08db4d9067403f6cbbe87481eb40edceb8aa9b", size = 8058, upload-time = "2026-08-19T21:47:19.671Z" }
wheels = [
    { url = "https://files.pythonhosted.org/packages/8c/52/0774b52c7be8151ad9d5aff44edc100c3f13d6d8eb3765f63ffa40e69fe8/nodejs_wheel_binaries-24.19.0-py2.py3-none-macosx_13_0_arm64.whl", hash = "sha256:e12cbfd69089504e42fb14194ce734a9dcf3eb38c820ca63dd511d36fb964e9c", size = 56047203, upload-time = "2026-08-19T21:46:43.448Z" },
    { url = "https://files.pythonhosted.org/packages/67/3a/4fdbbfecf2c23d52c0e3f68de7f7c1b3c97a26d328c69c5f6c49c48e340e/nodejs_wheel_binaries-24.19.0-py2.py3-none-macosx_13_0_x86_64.whl", hash = "sha256:1c890adf4b7e6556ccc1ca66c866bb81884b6c9a581dee4e530dc7f78fb9d514", size = 56219459, upload-time = "2026-08-19T21:46:48.45Z" },
    { url = "https://files.pythonhosted.org/packages/5f/a8/0147149415195c59b8a72a594916bfb80d6be4d586f9fbfda313889e0efc/nodejs_wheel_binaries-24.19.0-py2.py3-none-manylinux_2_28_aarch64.whl", hash = "sha256:4e029dadfae1295876063c96b236f673487e8c27379fe146c1e2250283520227", size = 60588256, upload-time = "2026-08-19T21:46:53.298Z" },
    { url = "https://files.pythonhosted.org/packages/f4/89/6631d0982353da1bb7bc00bb1988f702822c62b42634f57999ee53b5c337/nodejs_wheel_binaries-24.19.0-py2.py3-none-manylinux_2_28_x86_64.whl", hash = "sha256:4196a947bcc883f2003ab101762d729f3e99b5e86b75bd09151563403e2eceb8", size = 61123607, upload-time = "2026-08-19T21:46:58.117Z" },
    { url = "https://files.pythonhosted.org/packages/32/a2/fa30f0841e4602995782e124359f9b910c7b481d98decf61ef0b2fc3ebfb/nodejs_wheel_binaries-24.19.0-py2.py3-none-musllinux_1_2_aarch64.whl", hash = "sha256:352e048ab4dd35e7de5f338d1cc4fcbf77a0e93da30bf7336a8217ee246b31d7", size = 62632842, upload-time = "2026-08-19T21:47:03.42Z" },
    { url = "https://files.pythonhosted.org/packages/18/01/22d97ca72213f66cc386ee638db30c2e62757fdf761c6029074bced83d1c/nodejs_wheel_binaries-24.19.0-py2.py3-none-musllinux_1_2_x86_64.whl", hash = "sha256:28d078b2ced9e2069516e652dc4b1380e7a1a7f2d3934eccd1611586d283ba4c", size = 63250653, upload-time = "2026-08-19T21:47:07.938Z" },
    { url = "https://files.pythonhosted.org/packages/88/d1/e3be8fa327a795bcaf7a19cd84299e338a7bce32ff0665fdce9cfa22573c/nodejs_wheel_binaries-24.19.0-py2.py3-none-win_amd64.whl", hash = "sha256:67e3abeb9c3830cae8c8487ae8a2af7cc27dfa75af06145cee5ca7d1857c81bd", size = 42448503, upload-time = "2026-08-19T21:47:12.093Z" },
    { url = "https://files.pythonhosted.org/packages/1d/37/34cf28ba1691a060174948a9927fe61091982d6048b2e403071a9acce443/nodejs_wheel_binaries-24.19.0-py2.py3-none-win_arm64.whl", hash = "sha256:d9074c665ea68b04e183d82482c86dc907d3a9bd15eb6cf85542cb785266bb36", size = 40090155, upload-time = "2026-08-19T21:47:16.032Z" },
]

[[package]]
name = "packaging"
version = "26.2"
source = { registry = "https://pypi.org/simple" }
sdist = { url = "https://files.pythonhosted.org/packages/d7/f1/e7a6dd94a8d4a5626c03e4e99c87f241ba9e350cd9e6d75123f992427270/packaging-26.2.tar.gz", hash = "sha256:ff452ff5a3e828ce110190feff1178bb1f2ea2281fa2075aadb987c2fb221661", size = 228134, upload-time = "2026-04-24T20:15:23.917Z" }
wheels = [
    { url = "https://files.pythonhosted.org/packages/df/b2/87e62e8c3e2f4b32e5fe99e0b86d576da1312593b39f47d8ceef365e95ed/packaging-26.2-py3-none-any.whl", hash = "sha256:5fc45236b9446107ff2415ce77c807cee2862cb6fac22b8a73826d0693b0980e", size = 100195, upload-time = "2026-04-24T20:15:22.081Z" },
]

[[package]]
name = "pluggy"
version = "1.5.0"
source = { registry = "https://pypi.org/simple" }
sdist = { url = "https://files.pythonhosted.org/packages/96/2d/02d4312c973c6050a18b314a5ad0b3210edb65a906f868e31c111dede4a6/pluggy-1.5.0.tar.gz", hash = "sha256:2cffa88e94fdc978c4c574f15f9e59b7f4201d439195c3715ca9e2486f1d0cf1", size = 67955, upload-time = "2024-04-20T21:34:42.531Z" }
wheels = [
    { url = "https://files.pythonhosted.org/packages/88/5f/e351af9a41f866ac3f1fac4ca0613908d9a41741cfcf2228f4ad853b697d/pluggy-1.5.0-py3-none-any.whl", hash = "sha256:44e1ad92c8ca002de6377e165f3e0f1be63266ab4d554740532335b9d75ea669", size = 20556, upload-time = "2024-04-20T21:34:40.434Z" },
]

[[package]]
name = "pytest"
version = "8.3.5"
source = { registry = "https://pypi.org/simple" }
dependencies = [
    { name = "colorama", marker = "sys_platform == 'win32'" },
    { name = "exceptiongroup" },
    { name = "iniconfig" },
    { name = "packaging" },
    { name = "pluggy" },
    { name = "tomli" },
]
sdist = { url = "https://files.pythonhosted.org/packages/ae/3c/c9d525a414d506893f0cd8a8d0de7706446213181570cdbd766691164e40/pytest-8.3.5.tar.gz", hash = "sha256:f4efe70cc14e511565ac476b57c279e12a855b11f48f212af1080ef2263d3845", size = 1450891, upload-time = "2025-03-02T12:54:54.503Z" }
wheels = [
    { url = "https://files.pythonhosted.org/packages/30/3d/64ad57c803f1fa1e963a7946b6e0fea4a70df53c1a7fed304586539c2bac/pytest-8.3.5-py3-none-any.whl", hash = "sha256:c69214aa47deac29fad6c2a4f590b9c4a9fdb16a403176fe154b79c0b4d4d820", size = 343634, upload-time = "2025-03-02T12:54:52.069Z" },
]

[[package]]
name = "ruff"
version = "0.16.8"
source = { registry = "https://pypi.org/simple" }
sdist = { url = "https://files.pythonhosted.org/packages/ba/78/449cb84790bd5cc3823b2652ee405a4558856e5c4195aee3a16bf7b3eb5d/ruff-0.16.8.tar.gz", hash = "sha256:9247bf92b5f04d825c8639a4fe423ec2e4222acd9222e58412b0dab7e442798b", size = 4938814, upload-time = "2026-09-16T15:54:46.688Z" }
wheels = [
    { url = "https://files.pythonhosted.org/packages/ac/25/6071aabc530e9be7e2c195e8fe3f7aea2735405b6cf447212832d7811831/ruff-0.16.8-py3-none-linux_armv6l.whl", hash = "sha256:6ffbd6d87383c1edf5f6fa890f10200950240d7c1a16052a19a09d3a2307dd38", size = 10048966, upload-time = "2026-09-16T15:53:57.605Z" },
    { url = "https://files.pythonhosted.org/packages/54/98/07f90ecbc74dd5fb5764f11f2bc774d6a7cffef92d2ff5f5b4e9e23c754e/ruff-0.16.8-py3-none-macosx_10_12_x86_64.whl", hash = "sha256:42ed6b878ed61e3acca92f2730a17acff39286944ea82398544696366a6f925e", size = 10165498, upload-time = "2026-09-16T15:54:01.14Z" },
    { url = "https://files.pythonhosted.org/packages/fe/1f/e6a712e3b47cad4a40600134105ed193cb773f618a42eb7ba323cb812cc0/ruff-0.16.8-py3-none-macosx_11_0_arm64.whl", hash = "sha256:7ea781c7f2afba8c6a505ea0fb3f994020249e0c450635f5381286fea6b46170", size = 9830004, upload-time = "2026-09-16T15:54:03.998Z" },
    { url = "https://files.pythonhosted.org/packages/23/f2/311a08776d75d81c7676e20b6b020ae63cbe881fcdc7a8dd64e6e18bdd93/ruff-0.16.8-py3-none-manylinux_2_17_aarch64.manylinux2014_aarch64.whl", hash = "sha256:8efeae3bbe414a5efefda11a792dfb51ef90ac48d50c4830de2f644caf3e8659", size = 9986558, upload-time = "2026-09-16T15:54:06.804Z" },
    { url = "https://files.pythonhosted.org/packages/f3/ed/37b6cb3d3ba8c73e68ae3eb1d502383beb5aa05a582bb7bb3a922f929f54/ruff-0.16.8-py3-none-manylinux_2_17_armv7l.manylinux2014_armv7l.whl", hash = "sha256:3a79b795469fef7fc6e908b218eed2eb17332afd85031db6480dc864560e69b2", size = 9877332, upload-time = "2026-09-16T15:54:09.552Z" },
    { url = "https://files.pythonhosted.org/packages/22/cc/40873a8f36ad084cc540d55fcca7077264d5b13b24659e9180c176fb2b08/ruff-0.16.8-py3-none-manylinux_2_17_i686.manylinux2014_i686.whl", hash = "sha256:3fdc5563cdc50555e6fba39322850860e9267c1b3d12c26a74729d8604c3c812", size = 10507125, upload-time = "2026-09-16T15:54:12.152Z" },
    { url = "https://files.pythonhosted.org/packages/c3/e4/fc91a642b78ccbab6b9477720f3644ae7a10a9bcce69a934679cd64f62bc/ruff-0.16.8-py3-none-manylinux_2_17_ppc64le.manylinux2014_ppc64le.whl", hash = "sha256:34508983c70665578dab88f5223d8e6228307e1135398ca8bfc8b7e9501e282b", size = 11336694, upload-time = "2026-09-16T15:54:15.489Z" },
    { url = "https://files.pythonhosted.org/packages/c2/3d/bbd2a9a600a4e73dc3e7548a249c8d1671273464b55822c6fae50f602dff/ruff-0.16.8-py3-none-manylinux_2_17_s390x.manylinux2014_s390x.whl", hash = "sha256:644bb578569e0ffc575741232bd385dacdd6fbe123f1a729e7a225f54aa3957f", size = 10774448, upload-time = "2026-09-16T15:54:18.16Z" },
    { url = "https://files.pythonhosted.org/packages/1a/41/d83af9879a7b6e8bf5fe16b1da0b134049d2f5d3afac12defb0897cb84bd/ruff-0.16.8-py3-none-manylinux_2_17_x86_64.manylinux2014_x86_64.whl", hash = "sha256:15e7d226246961db9235098333caa13063906d3851136b84c2900b82f5daa1df", size = 10323796, upload-time = "2026-09-16T15:54:20.743Z" },
    { url = "https://files.pythonhosted.org/packages/f5/2c/cefd07bfe914b84943ea769ade8d607bd22750b965d3228eefd7cebd15d0/ruff-0.16.8-py3-none-manylinux_2_31_riscv64.whl", hash = "sha256:a2bf6bc3e9ebdd4449abc6f06cf64b98051a2c61cf94d2fe9596518c881f1a1e", size = 10514115, upload-time = "2026-09-16T15:54:23.497Z" },
    { url = "https://files.pythonhosted.org/packages/f3/9d/76a2e26c79a23be6e6e3664c57bec9e9fc8de155cfb9e4b67ea91b64f9d7/ruff-0.16.8-py3-none-musllinux_1_2_aarch64.whl", hash = "sha256:6ca111ba0849539165e9e59d2b442542f3c1e8060ebbdea82494f1ffbccb1e1f", size = 10072582, upload-time = "2026-09-16T15:54:26.185Z" },
    { url = "https://files.pythonhosted.org/packages/2e/d4/f42edddb39668af1a559ceafa3823aedd65633a48dc9768e775485faa2c1/ruff-0.16.8-py3-none-musllinux_1_2_armv7l.whl", hash = "sha256:359a1e5b495448ee1e91018064382ebc86f90e8aac2fed222c7d0e4e8df85fd2", size = 9879644, upload-time = "2026-09-16T15:54:29.278Z" },
    { url = "https://files.pythonhosted.org/packages/f8/d4/913e3195d95e0378786c6656945c865f534a3560e29139da4882aff630d1/ruff-0.16.8-py3-none-musllinux_1_2_i686.whl", hash = "sha256:59e8f5681349474110b24d62e93cfda6593f5fa3473446ca3705200cac1a08b9", size = 10231569, upload-time = "2026-09-16T15:54:32.036Z" },
    { url = "https://files.pythonhosted.org/packages/2b/c4/8aa6ea0bdcedbd1bf87397e2fc4ed8406448ea5842f8660bc6e5f163039d/ruff-0.16.8-py3-none-musllinux_1_2_x86_64.whl", hash = "sha256:efa3e7a16d1baaa79957888dfdf8be9ef2e44db81cb032af06d76632ab59e773", size = 10663666, upload-time = "2026-09-16T15:54:34.838Z" },
    { url = "https://files.pythonhosted.org/packages/3d/02/7f10ef4700bc223c30a3fdd10631a29830c45524b810a3c7ed947af64591/ruff-0.16.8-py3-none-win32.whl", hash = "sha256:55793ba85c69921e89be061426d91a78652d6e50317c962240922747a4eb713f", size = 10093472, upload-time = "2026-09-16T15:54:37.47Z" },
    { url = "https://files.pythonhosted.org/packages/1e/5d/a509c07d714b6da88f2c518b4637cf6f1d46b074be8f0f1e5fb9ff5126fe/ruff-0.16.8-py3-none-win_amd64.whl", hash = "sha256:a6b85621fd3c81e31fc5f5add09c9c078b430db3595ca632efafdec9e64ebfaa", size = 10586899, upload-time = "2026-09-16T15:54:40.488Z" },
    { url = "https://files.pythonhosted.org/packages/fe/a0/50787329e4f20bf9dc9f6230015d46ec69c51a97ace5bc202dae4755365d/ruff-0.16.8-py3-none-win_arm64.whl", hash = "sha256:d075e820af612102ce217f07cc93e69f9490b10ec13ea85fa87bd03d996cef8a", size = 10386316, upload-time = "2026-09-16T15:54:43.332Z" },
]

[[package]]
name = "sublime-agent-overview"
version = "0.1.0"
source = { virtual = "." }

[package.dev-dependencies]
dev = [
    { name = "basedpyright" },
    { name = "pytest" },
    { name = "ruff" },
]

[package.metadata]

[package.metadata.requires-dev]
dev = [
    { name = "basedpyright" },
    { name = "pytest" },
    { name = "ruff" },
]

[[package]]
name = "tomli"
version = "2.4.1"
source = { registry = "https://pypi.org/simple" }
sdist = { url = "https://files.pythonhosted.org/packages/22/de/48c59722572767841493b26183a0d1cc411d54fd759c5607c4590b6563a6/tomli-2.4.1.tar.gz", hash = "sha256:7c7e1a961a0b2f2472c1ac5b69affa0ae1132c39adcb67aba98568702b9cc23f", size = 17543, upload-time = "2026-03-25T20:22:03.828Z" }
wheels = [
    { url = "https://files.pythonhosted.org/packages/7b/61/cceae43728b7de99d9b847560c262873a1f6c98202171fd5ed62640b494b/tomli-2.4.1-py3-none-any.whl", hash = "sha256:0d85819802132122da43cb86656f8d1f8c6587d54ae7dcaf30e90533028b49fe", size = 14583, upload-time = "2026-03-25T20:22:03.012Z" },
]

[[package]]
name = "typing-extensions"
version = "4.13.2"
source = { registry = "https://pypi.org/simple" }
sdist = { url = "https://files.pythonhosted.org/packages/f6/37/23083fcd6e35492953e8d2aaaa68b860eb422b34627b13f2ce3eb6106061/typing_extensions-4.13.2.tar.gz", hash = "sha256:e6c81219bd689f51865d9e372991c540bda33a0379d5573cddb9a3a23f7caaef", size = 106967, upload-time = "2025-04-10T14:19:05.416Z" }
wheels = [
    { url = "https://files.pythonhosted.org/packages/8b/54/b1ae86c0973cc6f0210b53d508ca3641fb6d0c56823f288d108bc7ab3cc8/typing_extensions-4.13.2-py3-none-any.whl", hash = "sha256:a439e7c04b49fec3e5d3e2beaa21755cadbbdc391694e28ccdd36ca4a1408f8c", size = 45806, upload-time = "2025-04-10T14:19:03.967Z" },
]
